
Microsoft Visual Studio Solution File, Format Version 12.00
# Visual Studio Version 16
VisualStudioVersion = 16.0.30503.244
MinimumVisualStudioVersion = 10.0.40219.1
Project("{FAE04EC0-301F-11D3-BF4B-00C04F79EFBC}") = "SimpleCore", "SimpleCore\SimpleCore.csproj", "{616908F6-29A3-421D-B869-ACA16479482D}"
EndProject
Global
	GlobalSection(SolutionConfigurationPlatforms) = preSolution
		Debug|Any CPU = Debug|Any CPU
		Release|Any CPU = Release|Any CPU
	EndGlobalSection
	GlobalSection(ProjectConfigurationPlatforms) = postSolution
		{616908F6-29A3-421D-B869-ACA16479482D}.Debug|Any CPU.ActiveCfg = Debug|Any CPU
		{616908F6-29A3-421D-B869-ACA16479482D}.Debug|Any CPU.Build.0 = Debug|Any CPU
		{616908F6-29A3-421D-B869-ACA16479482D}.Release|Any CPU.ActiveCfg = Release|Any CPU
		{616908F6-29A3-421D-B869-ACA16479482D}.Release|Any CPU.Build.0 = Release|Any CPU
	EndGlobalSection
	GlobalSection(SolutionProperties) = preSolution
		HideSolutionNode = FALSE
	EndGlobalSection
	GlobalSection(ExtensibilityGlobals) = postSolution
		SolutionGuid = {629DD441-E31A-43F1-BC76-3F41723070D3}
	EndGlobalSection
EndGlobal
